
Microsoft Visual Studio Solution File, Format Version 12.00
# Visual Studio Version 18
VisualStudioVersion = 18.2.11415.280 d18.0
MinimumVisualStudioVersion = 10.0.40219.1
Project("{FAE04EC0-301F-11D3-BF4B-00C04F79EFBC}") = "Test-2025", "Test-2025\Test-2025.csproj", "{1D5A3737-7244-45F0-B2BA-ED72AC942089}"
EndProject
Project("{FAE04EC0-301F-11D3-BF4B-00C04F79EFBC}") = "2025100101", "2025100101\2025100101.csproj", "{7E7314EF-BAA2-7175-C278-6C5DD2B21B56}"
EndProject
Project("{FAE04EC0-301F-11D3-BF4B-00C04F79EFBC}") = "Hello my friend - 2025100102", "Hello my friend - 2025100102\Hello my friend - 2025100102.csproj", "{CFA979DF-617C-4680-BE44-E297EA39F195}"
EndProject
Project("{FAE04EC0-301F-11D3-BF4B-00C04F79EFBC}") = "HelloMyFriends2025100103", "HelloMyFriends2025100103\HelloMyFriends2025100103.csproj", "{295F3A56-1190-4732-BC03-E92B57508B22}"
EndProject
Project("{FAE04EC0-301F-11D3-BF4B-00C04F79EFBC}") = "奇偶数判断", "奇偶数判断\奇偶数判断.csproj", "{07CB1BDC-E1FB-414B-BB54-845373A8DD82}"
EndProject
Project("{FAE04EC0-301F-11D3-BF4B-00C04F79EFBC}") = "累加器", "累加器\累加器.csproj", "{054CFA36-1B34-470F-8A10-72DC1956A634}"
EndProject
Project("{FAE04EC0-301F-11D3-BF4B-00C04F79EFBC}") = "乘法表", "乘法表\乘法表.csproj", "{395F5B30-D7D7-4882-82C9-837B519E9F17}"
EndProject
Project("{FAE04EC0-301F-11D3-BF4B-00C04F79EFBC}") = "MenuSelector", "MenuSelector\MenuSelector.csproj", "{A793239C-CDE2-414A-945A-FD24ADD1E074}"
EndProject
Project("{FAE04EC0-301F-11D3-BF4B-00C04F79EFBC}") = "GuessNumber", "GuessNumber\GuessNumber.csproj", "{4CB81001-8F5D-4212-BD09-7604D7D44408}"
EndProject
Project("{FAE04EC0-301F-11D3-BF4B-00C04F79EFBC}") = "Login", "Login\Login.csproj", "{D37BC8C4-EC46-4390-92BE-9B9C7523F23E}"
EndProject
Project("{FAE04EC0-301F-11D3-BF4B-00C04F79EFBC}") = "Week1_Task1", "Week1_Task1\Week1_Task1.csproj", "{35DC9087-C62E-4D23-963B-B43243235F3D}"
EndProject
Project("{FAE04EC0-301F-11D3-BF4B-00C04F79EFBC}") = "Week1_Task2", "Week1_Task2\Week1_Task2.csproj", "{993C8B03-E4FD-4E67-8E29-321EAFC77801}"
EndProject
Project("{FAE04EC0-301F-11D3-BF4B-00C04F79EFBC}") = "Week1_Task3", "Week1_Task3\Week1_Task3.csproj", "{66455B3C-3614-4642-B075-438F7AC4A10E}"
EndProject
Project("{FAE04EC0-301F-11D3-BF4B-00C04F79EFBC}") = "Week2_Task1", "Week2_Task1\Week2_Task1.csproj", "{A1C68F30-EBB0-4B37-A7AB-7ABD580D0445}"
EndProject
Project("{FAE04EC0-301F-11D3-BF4B-00C04F79EFBC}") = "Week2_Task3", "Week2_Task3\Week2_Task3.csproj", "{4153968C-53BF-45E4-BCAE-A380FC6FF52C}"
EndProject
Project("{FAE04EC0-301F-11D3-BF4B-00C04F79EFBC}") = "IntegrationSystem", "IntegrationSystem\IntegrationSystem.csproj", "{A892EFCC-91D9-4B37-9CC4-8B2D84796BE5}"
EndProject
Project("{FAE04EC0-301F-11D3-BF4B-00C04F79EFBC}") = "IntegrationSystemMethod", "IntegrationSystemMethod\IntegrationSystemMethod.csproj", "{277A1738-4EC7-4DC6-85C6-EDB378E2EBB2}"
EndProject
Project("{FAE04EC0-301F-11D3-BF4B-00C04F79EFBC}") = "StringUtils", "StringUtils\StringUtils.csproj", "{D9A980F5-2D0B-48E5-8699-3A41499120C1}"
EndProject
Project("{FAE04EC0-301F-11D3-BF4B-00C04F79EFBC}") = "BankSystem", "BankSystem\BankSystem.csproj", "{CBCABFEE-E8E3-46AC-BABA-802BC925AD40}"
EndProject
Project("{FAE04EC0-301F-11D3-BF4B-00C04F79EFBC}") = "IntegrationSystemOop", "IntegrationSystemOop\IntegrationSystemOop.csproj", "{277FAA82-0D16-454F-B0CC-C1A84DD55FFC}"
EndProject
Project("{FAE04EC0-301F-11D3-BF4B-00C04F79EFBC}") = "BankSystemOop", "BankSystemOop\BankSystemOop.csproj", "{DD179A13-5337-4335-9DA1-A4088153F4D0}"
EndProject
Project("{FAE04EC0-301F-11D3-BF4B-00C04F79EFBC}") = "Book", "Book\Book.csproj", "{B28175EE-7F9E-499D-9457-20FD8B23CB29}"
EndProject
Project("{FAE04EC0-301F-11D3-BF4B-00C04F79EFBC}") = "LibraryManagementSystem", "LibraryManagementSystem\LibraryManagementSystem.csproj", "{E3F43947-3A1A-4955-BFFF-4E9DACA20ECA}"
EndProject
Project("{FAE04EC0-301F-11D3-BF4B-00C04F79EFBC}") = "Chapter8", "Chapter8\Chapter8.csproj", "{E8B43575-6C62-40A3-9B6A-A6F97693F272}"
EndProject
Project("{FAE04EC0-301F-11D3-BF4B-00C04F79EFBC}") = "LibrarySystem", "LibrarySystem\LibrarySystem.csproj", "{82D96ECF-7A97-49CC-834D-01621CCDFDF1}"
EndProject
Project("{FAE04EC0-301F-11D3-BF4B-00C04F79EFBC}") = "EmployeePayrollSystem", "EmployeePayrollSystem\EmployeePayrollSystem.csproj", "{9FB1EFD0-AAFB-435E-819D-F18EE4D3A794}"
EndProject
Project("{FAE04EC0-301F-11D3-BF4B-00C04F79EFBC}") = "MultiFunctionPrinter", "MultiFunctionPrinter\MultiFunctionPrinter.csproj", "{CD4376A7-4094-4D77-938D-B78F481317C1}"
EndProject
Project("{FAE04EC0-301F-11D3-BF4B-00C04F79EFBC}") = "StockMarketObserverSystem", "StockMarketObserverSystem\StockMarketObserverSystem.csproj", "{3E59E5B3-D75D-43AB-94F8-FCC4C53B50C9}"
EndProject
Project("{FAE04EC0-301F-11D3-BF4B-00C04F79EFBC}") = "Test20251018", "Test20251018\Test20251018.csproj", "{2DFF7169-0B52-48C9-8A11-E6CBDAFB8F04}"
EndProject
Project("{FAE04EC0-301F-11D3-BF4B-00C04F79EFBC}") = "Test2025101801", "Test2025101801\Test2025101801.csproj", "{38492A24-CF7A-4653-BCB9-46633B902AD4}"
EndProject
Project("{FAE04EC0-301F-11D3-BF4B-00C04F79EFBC}") = "Test2025101802", "Test2025101802\Test2025101802.csproj", "{855CC0A7-1FFF-4B37-AFF0-4F78512E5E18}"
EndProject
Project("{FAE04EC0-301F-11D3-BF4B-00C04F79EFBC}") = "Test2025101803", "Test2025101803\Test2025101803.csproj", "{372E7E38-6F7C-43A6-8B30-F12006A0A34A}"
EndProject
Project("{FAE04EC0-301F-11D3-BF4B-00C04F79EFBC}") = "Test2025101804", "Test2025101804\Test2025101804.csproj", "{226CCDE2-1F32-46A5-8CFA-A9623AFA0307}"
EndProject
Project("{FAE04EC0-301F-11D3-BF4B-00C04F79EFBC}") = "Test2025101901", "Test2025101901\Test2025101901.csproj", "{9138F3B5-447A-47C5-B52D-0BE14453DB1A}"
EndProject
Project("{FAE04EC0-301F-11D3-BF4B-00C04F79EFBC}") = "Test2025101902", "Test2025101902\Test2025101902.csproj", "{E6689ABE-E8AD-4807-9C35-8130FCD4FEC2}"
EndProject
Project("{FAE04EC0-301F-11D3-BF4B-00C04F79EFBC}") = "Test2025101903", "Test2025101903\Test2025101903.csproj", "{9701F542-1721-4F48-95FC-A1056027E944}"
EndProject
Project("{FAE04EC0-301F-11D3-BF4B-00C04F79EFBC}") = "Test2025102001", "Test2025102001\Test2025102001.csproj", "{7035B048-DB48-4768-82B7-084C98306821}"
EndProject
Project("{FAE04EC0-301F-11D3-BF4B-00C04F79EFBC}") = "Test2025102002", "Test2025102002\Test2025102002.csproj", "{DA4A0E8E-5F28-4258-94CD-840E69DE27C3}"
EndProject
Project("{FAE04EC0-301F-11D3-BF4B-00C04F79EFBC}") = "Test2025102003", "Test2025102003\Test2025102003.csproj", "{59BA6A0F-10A9-4664-829B-114D258FBF95}"
EndProject
Project("{FAE04EC0-301F-11D3-BF4B-00C04F79EFBC}") = "Test2025102004", "Test2025102004\Test2025102004.csproj", "{A6FA0154-F16E-4856-BA1F-E6BBE197F9F8}"
EndProject
Project("{FAE04EC0-301F-11D3-BF4B-00C04F79EFBC}") = "Test 2025102005", "Test 2025102005\Test 2025102005.csproj", "{CFE051B4-88C1-4637-8500-38542C17AF3E}"
EndProject
Project("{FAE04EC0-301F-11D3-BF4B-00C04F79EFBC}") = "Test2025102201", "Test2025102201\Test2025102201.csproj", "{2903A518-951A-4D6B-BE96-16BB18DCC5BC}"
EndProject
Project("{FAE04EC0-301F-11D3-BF4B-00C04F79EFBC}") = "Test2025102202", "Test2025102202\Test2025102202.csproj", "{B4B502D9-A4C6-4E26-AC62-37EEC295AD17}"
EndProject
Project("{FAE04EC0-301F-11D3-BF4B-00C04F79EFBC}") = "Test2025102203", "Test2025102203\Test2025102203.csproj", "{C23807B1-D98F-4216-A175-C4A77C59282F}"
EndProject
Project("{FAE04EC0-301F-11D3-BF4B-00C04F79EFBC}") = "Test2025102204", "Test2025102204\Test2025102204.csproj", "{69554061-942B-4572-B6E5-E7B88DEB823C}"
EndProject
Project("{FAE04EC0-301F-11D3-BF4B-00C04F79EFBC}") = "Test2025102205", "Test2025102205\Test2025102205.csproj", "{ED52CE8B-8A68-4C32-9407-B162FF8EA4F3}"
EndProject
Project("{FAE04EC0-301F-11D3-BF4B-00C04F79EFBC}") = "Test2025102206", "Test2025102206\Test2025102206.csproj", "{9003C1BC-D579-42CF-BA64-8156D83BC74E}"
EndProject
Project("{FAE04EC0-301F-11D3-BF4B-00C04F79EFBC}") = "MessagePumpTest2020102207", "MessagePumpTest2020102207\MessagePumpTest2020102207.csproj", "{7C89C54E-28A7-4253-B8F3-B023475A21DF}"
EndProject
Project("{FAE04EC0-301F-11D3-BF4B-00C04F79EFBC}") = "AsyncLambda", "AsyncLambda\AsyncLambda.csproj", "{C4629CB9-91D5-4B4A-8C48-60DB65C3F092}"
EndProject
Project("{FAE04EC0-301F-11D3-BF4B-00C04F79EFBC}") = "WpfAwait", "WpfAwait\WpfAwait.csproj", "{137C5C88-1C38-4240-9D39-FF79816E5226}"
EndProject
Project("{FAE04EC0-301F-11D3-BF4B-00C04F79EFBC}") = "codexpro", "codexpro\codexpro.csproj", "{66FF44F3-7C7F-4594-9A96-F74EB19881BC}"
EndProject
Global
	GlobalSection(SolutionConfigurationPlatforms) = preSolution
		Debug|Any CPU = Debug|Any CPU
		Release|Any CPU = Release|Any CPU
	EndGlobalSection
	GlobalSection(ProjectConfigurationPlatforms) = postSolution
		{1D5A3737-7244-45F0-B2BA-ED72AC942089}.Debug|Any CPU.ActiveCfg = Debug|Any CPU
		{1D5A3737-7244-45F0-B2BA-ED72AC942089}.Debug|Any CPU.Build.0 = Debug|Any CPU
		{1D5A3737-7244-45F0-B2BA-ED72AC942089}.Release|Any CPU.ActiveCfg = Release|Any CPU
		{1D5A3737-7244-45F0-B2BA-ED72AC942089}.Release|Any CPU.Build.0 = Release|Any CPU
		{7E7314EF-BAA2-7175-C278-6C5DD2B21B56}.Debug|Any CPU.ActiveCfg = Debug|Any CPU
		{7E7314EF-BAA2-7175-C278-6C5DD2B21B56}.Debug|Any CPU.Build.0 = Debug|Any CPU
		{7E7314EF-BAA2-7175-C278-6C5DD2B21B56}.Release|Any CPU.ActiveCfg = Release|Any CPU
		{7E7314EF-BAA2-7175-C278-6C5DD2B21B56}.Release|Any CPU.Build.0 = Release|Any CPU
		{CFA979DF-617C-4680-BE44-E297EA39F195}.Debug|Any CPU.ActiveCfg = Debug|Any CPU
		{CFA979DF-617C-4680-BE44-E297EA39F195}.Debug|Any CPU.Build.0 = Debug|Any CPU
		{CFA979DF-617C-4680-BE44-E297EA39F195}.Release|Any CPU.ActiveCfg = Release|Any CPU
		{CFA979DF-617C-4680-BE44-E297EA39F195}.Release|Any CPU.Build.0 = Release|Any CPU
		{295F3A56-1190-4732-BC03-E92B57508B22}.Debug|Any CPU.ActiveCfg = Debug|Any CPU
		{295F3A56-1190-4732-BC03-E92B57508B22}.Debug|Any CPU.Build.0 = Debug|Any CPU
		{295F3A56-1190-4732-BC03-E92B57508B22}.Release|Any CPU.ActiveCfg = Release|Any CPU
		{295F3A56-1190-4732-BC03-E92B57508B22}.Release|Any CPU.Build.0 = Release|Any CPU
		{07CB1BDC-E1FB-414B-BB54-845373A8DD82}.Debug|Any CPU.ActiveCfg = Debug|Any CPU
		{07CB1BDC-E1FB-414B-BB54-845373A8DD82}.Debug|Any CPU.Build.0 = Debug|Any CPU
		{07CB1BDC-E1FB-414B-BB54-845373A8DD82}.Release|Any CPU.ActiveCfg = Release|Any CPU
		{07CB1BDC-E1FB-414B-BB54-845373A8DD82}.Release|Any CPU.Build.0 = Release|Any CPU
		{054CFA36-1B34-470F-8A10-72DC1956A634}.Debug|Any CPU.ActiveCfg = Debug|Any CPU
		{054CFA36-1B34-470F-8A10-72DC1956A634}.Debug|Any CPU.Build.0 = Debug|Any CPU
		{054CFA36-1B34-470F-8A10-72DC1956A634}.Release|Any CPU.ActiveCfg = Release|Any CPU
		{054CFA36-1B34-470F-8A10-72DC1956A634}.Release|Any CPU.Build.0 = Release|Any CPU
		{395F5B30-D7D7-4882-82C9-837B519E9F17}.Debug|Any CPU.ActiveCfg = Debug|Any CPU
		{395F5B30-D7D7-4882-82C9-837B519E9F17}.Debug|Any CPU.Build.0 = Debug|Any CPU
		{395F5B30-D7D7-4882-82C9-837B519E9F17}.Release|Any CPU.ActiveCfg = Release|Any CPU
		{395F5B30-D7D7-4882-82C9-837B519E9F17}.Release|Any CPU.Build.0 = Release|Any CPU
		{A793239C-CDE2-414A-945A-FD24ADD1E074}.Debug|Any CPU.ActiveCfg = Debug|Any CPU
		{A793239C-CDE2-414A-945A-FD24ADD1E074}.Debug|Any CPU.Build.0 = Debug|Any CPU
		{A793239C-CDE2-414A-945A-FD24ADD1E074}.Release|Any CPU.ActiveCfg = Release|Any CPU
		{A793239C-CDE2-414A-945A-FD24ADD1E074}.Release|Any CPU.Build.0 = Release|Any CPU
		{4CB81001-8F5D-4212-BD09-7604D7D44408}.Debug|Any CPU.ActiveCfg = Debug|Any CPU
		{4CB81001-8F5D-4212-BD09-7604D7D44408}.Debug|Any CPU.Build.0 = Debug|Any CPU
		{4CB81001-8F5D-4212-BD09-7604D7D44408}.Release|Any CPU.ActiveCfg = Release|Any CPU
		{4CB81001-8F5D-4212-BD09-7604D7D44408}.Release|Any CPU.Build.0 = Release|Any CPU
		{D37BC8C4-EC46-4390-92BE-9B9C7523F23E}.Debug|Any CPU.ActiveCfg = Debug|Any CPU
		{D37BC8C4-EC46-4390-92BE-9B9C7523F23E}.Debug|Any CPU.Build.0 = Debug|Any CPU
		{D37BC8C4-EC46-4390-92BE-9B9C7523F23E}.Release|Any CPU.ActiveCfg = Release|Any CPU
		{D37BC8C4-EC46-4390-92BE-9B9C7523F23E}.Release|Any CPU.Build.0 = Release|Any CPU
		{35DC9087-C62E-4D23-963B-B43243235F3D}.Debug|Any CPU.ActiveCfg = Debug|Any CPU
		{35DC9087-C62E-4D23-963B-B43243235F3D}.Debug|Any CPU.Build.0 = Debug|Any CPU
		{35DC9087-C62E-4D23-963B-B43243235F3D}.Release|Any CPU.ActiveCfg = Release|Any CPU
		{35DC9087-C62E-4D23-963B-B43243235F3D}.Release|Any CPU.Build.0 = Release|Any CPU
		{993C8B03-E4FD-4E67-8E29-321EAFC77801}.Debug|Any CPU.ActiveCfg = Debug|Any CPU
		{993C8B03-E4FD-4E67-8E29-321EAFC77801}.Debug|Any CPU.Build.0 = Debug|Any CPU
		{993C8B03-E4FD-4E67-8E29-321EAFC77801}.Release|Any CPU.ActiveCfg = Release|Any CPU
		{993C8B03-E4FD-4E67-8E29-321EAFC77801}.Release|Any CPU.Build.0 = Release|Any CPU
		{66455B3C-3614-4642-B075-438F7AC4A10E}.Debug|Any CPU.ActiveCfg = Debug|Any CPU
		{66455B3C-3614-4642-B075-438F7AC4A10E}.Debug|Any CPU.Build.0 = Debug|Any CPU
		{66455B3C-3614-4642-B075-438F7AC4A10E}.Release|Any CPU.ActiveCfg = Release|Any CPU
		{66455B3C-3614-4642-B075-438F7AC4A10E}.Release|Any CPU.Build.0 = Release|Any CPU
		{A1C68F30-EBB0-4B37-A7AB-7ABD580D0445}.Debug|Any CPU.ActiveCfg = Debug|Any CPU
		{A1C68F30-EBB0-4B37-A7AB-7ABD580D0445}.Debug|Any CPU.Build.0 = Debug|Any CPU
		{A1C68F30-EBB0-4B37-A7AB-7ABD580D0445}.Release|Any CPU.ActiveCfg = Release|Any CPU
		{A1C68F30-EBB0-4B37-A7AB-7ABD580D0445}.Release|Any CPU.Build.0 = Release|Any CPU
		{4153968C-53BF-45E4-BCAE-A380FC6FF52C}.Debug|Any CPU.ActiveCfg = Debug|Any CPU
		{4153968C-53BF-45E4-BCAE-A380FC6FF52C}.Debug|Any CPU.Build.0 = Debug|Any CPU
		{4153968C-53BF-45E4-BCAE-A380FC6FF52C}.Release|Any CPU.ActiveCfg = Release|Any CPU
		{4153968C-53BF-45E4-BCAE-A380FC6FF52C}.Release|Any CPU.Build.0 = Release|Any CPU
		{A892EFCC-91D9-4B37-9CC4-8B2D84796BE5}.Debug|Any CPU.ActiveCfg = Debug|Any CPU
		{A892EFCC-91D9-4B37-9CC4-8B2D84796BE5}.Debug|Any CPU.Build.0 = Debug|Any CPU
		{A892EFCC-91D9-4B37-9CC4-8B2D84796BE5}.Release|Any CPU.ActiveCfg = Release|Any CPU
		{A892EFCC-91D9-4B37-9CC4-8B2D84796BE5}.Release|Any CPU.Build.0 = Release|Any CPU
		{277A1738-4EC7-4DC6-85C6-EDB378E2EBB2}.Debug|Any CPU.ActiveCfg = Debug|Any CPU
		{277A1738-4EC7-4DC6-85C6-EDB378E2EBB2}.Debug|Any CPU.Build.0 = Debug|Any CPU
		{277A1738-4EC7-4DC6-85C6-EDB378E2EBB2}.Release|Any CPU.ActiveCfg = Release|Any CPU
		{277A1738-4EC7-4DC6-85C6-EDB378E2EBB2}.Release|Any CPU.Build.0 = Release|Any CPU
		{D9A980F5-2D0B-48E5-8699-3A41499120C1}.Debug|Any CPU.ActiveCfg = Debug|Any CPU
		{D9A980F5-2D0B-48E5-8699-3A41499120C1}.Debug|Any CPU.Build.0 = Debug|Any CPU
		{D9A980F5-2D0B-48E5-8699-3A41499120C1}.Release|Any CPU.ActiveCfg = Release|Any CPU
		{D9A980F5-2D0B-48E5-8699-3A41499120C1}.Release|Any CPU.Build.0 = Release|Any CPU
		{CBCABFEE-E8E3-46AC-BABA-802BC925AD40}.Debug|Any CPU.ActiveCfg = Debug|Any CPU
		{CBCABFEE-E8E3-46AC-BABA-802BC925AD40}.Debug|Any CPU.Build.0 = Debug|Any CPU
		{CBCABFEE-E8E3-46AC-BABA-802BC925AD40}.Release|Any CPU.ActiveCfg = Release|Any CPU
		{CBCABFEE-E8E3-46AC-BABA-802BC925AD40}.Release|Any CPU.Build.0 = Release|Any CPU
		{277FAA82-0D16-454F-B0CC-C1A84DD55FFC}.Debug|Any CPU.ActiveCfg = Debug|Any CPU
		{277FAA82-0D16-454F-B0CC-C1A84DD55FFC}.Debug|Any CPU.Build.0 = Debug|Any CPU
		{277FAA82-0D16-454F-B0CC-C1A84DD55FFC}.Release|Any CPU.ActiveCfg = Release|Any CPU
		{277FAA82-0D16-454F-B0CC-C1A84DD55FFC}.Release|Any CPU.Build.0 = Release|Any CPU
		{DD179A13-5337-4335-9DA1-A4088153F4D0}.Debug|Any CPU.ActiveCfg = Debug|Any CPU
		{DD179A13-5337-4335-9DA1-A4088153F4D0}.Debug|Any CPU.Build.0 = Debug|Any CPU
		{DD179A13-5337-4335-9DA1-A4088153F4D0}.Release|Any CPU.ActiveCfg = Release|Any CPU
		{DD179A13-5337-4335-9DA1-A4088153F4D0}.Release|Any CPU.Build.0 = Release|Any CPU
		{B28175EE-7F9E-499D-9457-20FD8B23CB29}.Debug|Any CPU.ActiveCfg = Debug|Any CPU
		{B28175EE-7F9E-499D-9457-20FD8B23CB29}.Debug|Any CPU.Build.0 = Debug|Any CPU
		{B28175EE-7F9E-499D-9457-20FD8B23CB29}.Release|Any CPU.ActiveCfg = Release|Any CPU
		{B28175EE-7F9E-499D-9457-20FD8B23CB29}.Release|Any CPU.Build.0 = Release|Any CPU
		{E3F43947-3A1A-4955-BFFF-4E9DACA20ECA}.Debug|Any CPU.ActiveCfg = Debug|Any CPU
		{E3F43947-3A1A-4955-BFFF-4E9DACA20ECA}.Debug|Any CPU.Build.0 = Debug|Any CPU
		{E3F43947-3A1A-4955-BFFF-4E9DACA20ECA}.Release|Any CPU.ActiveCfg = Release|Any CPU
		{E3F43947-3A1A-4955-BFFF-4E9DACA20ECA}.Release|Any CPU.Build.0 = Release|Any CPU
		{E8B43575-6C62-40A3-9B6A-A6F97693F272}.Debug|Any CPU.ActiveCfg = Debug|Any CPU
		{E8B43575-6C62-40A3-9B6A-A6F97693F272}.Debug|Any CPU.Build.0 = Debug|Any CPU
		{E8B43575-6C62-40A3-9B6A-A6F97693F272}.Release|Any CPU.ActiveCfg = Release|Any CPU
		{E8B43575-6C62-40A3-9B6A-A6F97693F272}.Release|Any CPU.Build.0 = Release|Any CPU
		{82D96ECF-7A97-49CC-834D-01621CCDFDF1}.Debug|Any CPU.ActiveCfg = Debug|Any CPU
		{82D96ECF-7A97-49CC-834D-01621CCDFDF1}.Debug|Any CPU.Build.0 = Debug|Any CPU
		{82D96ECF-7A97-49CC-834D-01621CCDFDF1}.Release|Any CPU.ActiveCfg = Release|Any CPU
		{82D96ECF-7A97-49CC-834D-01621CCDFDF1}.Release|Any CPU.Build.0 = Release|Any CPU
		{9FB1EFD0-AAFB-435E-819D-F18EE4D3A794}.Debug|Any CPU.ActiveCfg = Debug|Any CPU
		{9FB1EFD0-AAFB-435E-819D-F18EE4D3A794}.Debug|Any CPU.Build.0 = Debug|Any CPU
		{9FB1EFD0-AAFB-435E-819D-F18EE4D3A794}.Release|Any CPU.ActiveCfg = Release|Any CPU
		{9FB1EFD0-AAFB-435E-819D-F18EE4D3A794}.Release|Any CPU.Build.0 = Release|Any CPU
		{CD4376A7-4094-4D77-938D-B78F481317C1}.Debug|Any CPU.ActiveCfg = Debug|Any CPU
		{CD4376A7-4094-4D77-938D-B78F481317C1}.Debug|Any CPU.Build.0 = Debug|Any CPU
		{CD4376A7-4094-4D77-938D-B78F481317C1}.Release|Any CPU.ActiveCfg = Release|Any CPU
		{CD4376A7-4094-4D77-938D-B78F481317C1}.Release|Any CPU.Build.0 = Release|Any CPU
		{3E59E5B3-D75D-43AB-94F8-FCC4C53B50C9}.Debug|Any CPU.ActiveCfg = Debug|Any CPU
		{3E59E5B3-D75D-43AB-94F8-FCC4C53B50C9}.Debug|Any CPU.Build.0 = Debug|Any CPU
		{3E59E5B3-D75D-43AB-94F8-FCC4C53B50C9}.Release|Any CPU.ActiveCfg = Release|Any CPU
		{3E59E5B3-D75D-43AB-94F8-FCC4C53B50C9}.Release|Any CPU.Build.0 = Release|Any CPU
		{2DFF7169-0B52-48C9-8A11-E6CBDAFB8F04}.Debug|Any CPU.ActiveCfg = Debug|Any CPU
		{2DFF7169-0B52-48C9-8A11-E6CBDAFB8F04}.Debug|Any CPU.Build.0 = Debug|Any CPU
		{2DFF7169-0B52-48C9-8A11-E6CBDAFB8F04}.Release|Any CPU.ActiveCfg = Release|Any CPU
		{2DFF7169-0B52-48C9-8A11-E6CBDAFB8F04}.Release|Any CPU.Build.0 = Release|Any CPU
		{38492A24-CF7A-4653-BCB9-46633B902AD4}.Debug|Any CPU.ActiveCfg = Debug|Any CPU
		{38492A24-CF7A-4653-BCB9-46633B902AD4}.Debug|Any CPU.Build.0 = Debug|Any CPU
		{38492A24-CF7A-4653-BCB9-46633B902AD4}.Release|Any CPU.ActiveCfg = Release|Any CPU
		{38492A24-CF7A-4653-BCB9-46633B902AD4}.Release|Any CPU.Build.0 = Release|Any CPU
		{855CC0A7-1FFF-4B37-AFF0-4F78512E5E18}.Debug|Any CPU.ActiveCfg = Debug|Any CPU
		{855CC0A7-1FFF-4B37-AFF0-4F78512E5E18}.Debug|Any CPU.Build.0 = Debug|Any CPU
		{855CC0A7-1FFF-4B37-AFF0-4F78512E5E18}.Release|Any CPU.ActiveCfg = Release|Any CPU
		{855CC0A7-1FFF-4B37-AFF0-4F78512E5E18}.Release|Any CPU.Build.0 = Release|Any CPU
		{372E7E38-6F7C-43A6-8B30-F12006A0A34A}.Debug|Any CPU.ActiveCfg = Debug|Any CPU
		{372E7E38-6F7C-43A6-8B30-F12006A0A34A}.Debug|Any CPU.Build.0 = Debug|Any CPU
		{372E7E38-6F7C-43A6-8B30-F12006A0A34A}.Release|Any CPU.ActiveCfg = Release|Any CPU
		{372E7E38-6F7C-43A6-8B30-F12006A0A34A}.Release|Any CPU.Build.0 = Release|Any CPU
		{226CCDE2-1F32-46A5-8CFA-A9623AFA0307}.Debug|Any CPU.ActiveCfg = Debug|Any CPU
		{226CCDE2-1F32-46A5-8CFA-A9623AFA0307}.Debug|Any CPU.Build.0 = Debug|Any CPU
		{226CCDE2-1F32-46A5-8CFA-A9623AFA0307}.Release|Any CPU.ActiveCfg = Release|Any CPU
		{226CCDE2-1F32-46A5-8CFA-A9623AFA0307}.Release|Any CPU.Build.0 = Release|Any CPU
		{9138F3B5-447A-47C5-B52D-0BE14453DB1A}.Debug|Any CPU.ActiveCfg = Debug|Any CPU
		{9138F3B5-447A-47C5-B52D-0BE14453DB1A}.Debug|Any CPU.Build.0 = Debug|Any CPU
		{9138F3B5-447A-47C5-B52D-0BE14453DB1A}.Release|Any CPU.ActiveCfg = Release|Any CPU
		{9138F3B5-447A-47C5-B52D-0BE14453DB1A}.Release|Any CPU.Build.0 = Release|Any CPU
		{E6689ABE-E8AD-4807-9C35-8130FCD4FEC2}.Debug|Any CPU.ActiveCfg = Debug|Any CPU
		{E6689ABE-E8AD-4807-9C35-8130FCD4FEC2}.Debug|Any CPU.Build.0 = Debug|Any CPU
		{E6689ABE-E8AD-4807-9C35-8130FCD4FEC2}.Release|Any CPU.ActiveCfg = Release|Any CPU
		{E6689ABE-E8AD-4807-9C35-8130FCD4FEC2}.Release|Any CPU.Build.0 = Release|Any CPU
		{9701F542-1721-4F48-95FC-A1056027E944}.Debug|Any CPU.ActiveCfg = Debug|Any CPU
		{9701F542-1721-4F48-95FC-A1056027E944}.Debug|Any CPU.Build.0 = Debug|Any CPU
		{9701F542-1721-4F48-95FC-A1056027E944}.Release|Any CPU.ActiveCfg = Release|Any CPU
		{9701F542-1721-4F48-95FC-A1056027E944}.Release|Any CPU.Build.0 = Release|Any CPU
		{7035B048-DB48-4768-82B7-084C98306821}.Debug|Any CPU.ActiveCfg = Debug|Any CPU
		{7035B048-DB48-4768-82B7-084C98306821}.Debug|Any CPU.Build.0 = Debug|Any CPU
		{7035B048-DB48-4768-82B7-084C98306821}.Release|Any CPU.ActiveCfg = Release|Any CPU
		{7035B048-DB48-4768-82B7-084C98306821}.Release|Any CPU.Build.0 = Release|Any CPU
		{DA4A0E8E-5F28-4258-94CD-840E69DE27C3}.Debug|Any CPU.ActiveCfg = Debug|Any CPU
		{DA4A0E8E-5F28-4258-94CD-840E69DE27C3}.Debug|Any CPU.Build.0 = Debug|Any CPU
		{DA4A0E8E-5F28-4258-94CD-840E69DE27C3}.Release|Any CPU.ActiveCfg = Release|Any CPU
		{DA4A0E8E-5F28-4258-94CD-840E69DE27C3}.Release|Any CPU.Build.0 = Release|Any CPU
		{59BA6A0F-10A9-4664-829B-114D258FBF95}.Debug|Any CPU.ActiveCfg = Debug|Any CPU
		{59BA6A0F-10A9-4664-829B-114D258FBF95}.Debug|Any CPU.Build.0 = Debug|Any CPU
		{59BA6A0F-10A9-4664-829B-114D258FBF95}.Release|Any CPU.ActiveCfg = Release|Any CPU
		{59BA6A0F-10A9-4664-829B-114D258FBF95}.Release|Any CPU.Build.0 = Release|Any CPU
		{A6FA0154-F16E-4856-BA1F-E6BBE197F9F8}.Debug|Any CPU.ActiveCfg = Debug|Any CPU
		{A6FA0154-F16E-4856-BA1F-E6BBE197F9F8}.Debug|Any CPU.Build.0 = Debug|Any CPU
		{A6FA0154-F16E-4856-BA1F-E6BBE197F9F8}.Release|Any CPU.ActiveCfg = Release|Any CPU
		{A6FA0154-F16E-4856-BA1F-E6BBE197F9F8}.Release|Any CPU.Build.0 = Release|Any CPU
		{CFE051B4-88C1-4637-8500-38542C17AF3E}.Debug|Any CPU.ActiveCfg = Debug|Any CPU
		{CFE051B4-88C1-4637-8500-38542C17AF3E}.Debug|Any CPU.Build.0 = Debug|Any CPU
		{CFE051B4-88C1-4637-8500-38542C17AF3E}.Release|Any CPU.ActiveCfg = Release|Any CPU
		{CFE051B4-88C1-4637-8500-38542C17AF3E}.Release|Any CPU.Build.0 = Release|Any CPU
		{2903A518-951A-4D6B-BE96-16BB18DCC5BC}.Debug|Any CPU.ActiveCfg = Debug|Any CPU
		{2903A518-951A-4D6B-BE96-16BB18DCC5BC}.Debug|Any CPU.Build.0 = Debug|Any CPU
		{2903A518-951A-4D6B-BE96-16BB18DCC5BC}.Release|Any CPU.ActiveCfg = Release|Any CPU
		{2903A518-951A-4D6B-BE96-16BB18DCC5BC}.Release|Any CPU.Build.0 = Release|Any CPU
		{B4B502D9-A4C6-4E26-AC62-37EEC295AD17}.Debug|Any CPU.ActiveCfg = Debug|Any CPU
		{B4B502D9-A4C6-4E26-AC62-37EEC295AD17}.Debug|Any CPU.Build.0 = Debug|Any CPU
		{B4B502D9-A4C6-4E26-AC62-37EEC295AD17}.Release|Any CPU.ActiveCfg = Release|Any CPU
		{B4B502D9-A4C6-4E26-AC62-37EEC295AD17}.Release|Any CPU.Build.0 = Release|Any CPU
		{C23807B1-D98F-4216-A175-C4A77C59282F}.Debug|Any CPU.ActiveCfg = Debug|Any CPU
		{C23807B1-D98F-4216-A175-C4A77C59282F}.Debug|Any CPU.Build.0 = Debug|Any CPU
		{C23807B1-D98F-4216-A175-C4A77C59282F}.Release|Any CPU.ActiveCfg = Release|Any CPU
		{C23807B1-D98F-4216-A175-C4A77C59282F}.Release|Any CPU.Build.0 = Release|Any CPU
		{69554061-942B-4572-B6E5-E7B88DEB823C}.Debug|Any CPU.ActiveCfg = Debug|Any CPU
		{69554061-942B-4572-B6E5-E7B88DEB823C}.Debug|Any CPU.Build.0 = Debug|Any CPU
		{69554061-942B-4572-B6E5-E7B88DEB823C}.Release|Any CPU.ActiveCfg = Release|Any CPU
		{69554061-942B-4572-B6E5-E7B88DEB823C}.Release|Any CPU.Build.0 = Release|Any CPU
		{ED52CE8B-8A68-4C32-9407-B162FF8EA4F3}.Debug|Any CPU.ActiveCfg = Debug|Any CPU
		{ED52CE8B-8A68-4C32-9407-B162FF8EA4F3}.Debug|Any CPU.Build.0 = Debug|Any CPU
		{ED52CE8B-8A68-4C32-9407-B162FF8EA4F3}.Release|Any CPU.ActiveCfg = Release|Any CPU
		{ED52CE8B-8A68-4C32-9407-B162FF8EA4F3}.Release|Any CPU.Build.0 = Release|Any CPU
		{9003C1BC-D579-42CF-BA64-8156D83BC74E}.Debug|Any CPU.ActiveCfg = Debug|Any CPU
		{9003C1BC-D579-42CF-BA64-8156D83BC74E}.Debug|Any CPU.Build.0 = Debug|Any CPU
		{9003C1BC-D579-42CF-BA64-8156D83BC74E}.Release|Any CPU.ActiveCfg = Release|Any CPU
		{9003C1BC-D579-42CF-BA64-8156D83BC74E}.Release|Any CPU.Build.0 = Release|Any CPU
		{7C89C54E-28A7-4253-B8F3-B023475A21DF}.Debug|Any CPU.ActiveCfg = Debug|Any CPU
		{7C89C54E-28A7-4253-B8F3-B023475A21DF}.Debug|Any CPU.Build.0 = Debug|Any CPU
		{7C89C54E-28A7-4253-B8F3-B023475A21DF}.Release|Any CPU.ActiveCfg = Release|Any CPU
		{7C89C54E-28A7-4253-B8F3-B023475A21DF}.Release|Any CPU.Build.0 = Release|Any CPU
		{C4629CB9-91D5-4B4A-8C48-60DB65C3F092}.Debug|Any CPU.ActiveCfg = Debug|Any CPU
		{C4629CB9-91D5-4B4A-8C48-60DB65C3F092}.Debug|Any CPU.Build.0 = Debug|Any CPU
		{C4629CB9-91D5-4B4A-8C48-60DB65C3F092}.Release|Any CPU.ActiveCfg = Release|Any CPU
		{C4629CB9-91D5-4B4A-8C48-60DB65C3F092}.Release|Any CPU.Build.0 = Release|Any CPU
		{137C5C88-1C38-4240-9D39-FF79816E5226}.Debug|Any CPU.ActiveCfg = Debug|Any CPU
		{137C5C88-1C38-4240-9D39-FF79816E5226}.Debug|Any CPU.Build.0 = Debug|Any CPU
		{137C5C88-1C38-4240-9D39-FF79816E5226}.Release|Any CPU.ActiveCfg = Release|Any CPU
		{137C5C88-1C38-4240-9D39-FF79816E5226}.Release|Any CPU.Build.0 = Release|Any CPU
		{66FF44F3-7C7F-4594-9A96-F74EB19881BC}.Debug|Any CPU.ActiveCfg = Debug|Any CPU
		{66FF44F3-7C7F-4594-9A96-F74EB19881BC}.Debug|Any CPU.Build.0 = Debug|Any CPU
		{66FF44F3-7C7F-4594-9A96-F74EB19881BC}.Release|Any CPU.ActiveCfg = Release|Any CPU
		{66FF44F3-7C7F-4594-9A96-F74EB19881BC}.Release|Any CPU.Build.0 = Release|Any CPU
	EndGlobalSection
	GlobalSection(SolutionProperties) = preSolution
		HideSolutionNode = FALSE
	EndGlobalSection
	GlobalSection(ExtensibilityGlobals) = postSolution
		SolutionGuid = {8DB781D2-9FA8-475D-B409-68217B1901EB}
	EndGlobalSection
EndGlobal
